
Microsoft Visual Studio Solution File, Format Version 12.00
# Visual Studio 15
VisualStudioVersion = 15.0.28307.852
MinimumVisualStudioVersion = 10.0.40219.1
Project("{FAE04EC0-301F-11D3-BF4B-00C04F79EFBC}") = "Hw_4.1", "Hw_4.1\Hw_4.1.csproj", "{8F84FF86-3AA5-4EBE-BFB0-7C233DDE3E55}"
EndProject
Project("{FAE04EC0-301F-11D3-BF4B-00C04F79EFBC}") = "Hw_4.2", "Hw_4.2\Hw_4.2.csproj", "{1D80C910-C3E6-4F85-8B10-C376CE137247}"
EndProject
Global
	GlobalSection(SolutionConfigurationPlatforms) = preSolution
		Debug|Any CPU = Debug|Any CPU
		Release|Any CPU = Release|Any CPU
	EndGlobalSection
	GlobalSection(ProjectConfigurationPlatforms) = postSolution
		{8F84FF86-3AA5-4EBE-BFB0-7C233DDE3E55}.Debug|Any CPU.ActiveCfg = Debug|Any CPU
		{8F84FF86-3AA5-4EBE-BFB0-7C233DDE3E55}.Debug|Any CPU.Build.0 = Debug|Any CPU
		{8F84FF86-3AA5-4EBE-BFB0-7C233DDE3E55}.Release|Any CPU.ActiveCfg = Release|Any CPU
		{8F84FF86-3AA5-4EBE-BFB0-7C233DDE3E55}.Release|Any CPU.Build.0 = Release|Any CPU
		{1D80C910-C3E6-4F85-8B10-C376CE137247}.Debug|Any CPU.ActiveCfg = Debug|Any CPU
		{1D80C910-C3E6-4F85-8B10-C376CE137247}.Debug|Any CPU.Build.0 = Debug|Any CPU
		{1D80C910-C3E6-4F85-8B10-C376CE137247}.Release|Any CPU.ActiveCfg = Release|Any CPU
		{1D80C910-C3E6-4F85-8B10-C376CE137247}.Release|Any CPU.Build.0 = Release|Any CPU
	EndGlobalSection
	GlobalSection(SolutionProperties) = preSolution
		HideSolutionNode = FALSE
	EndGlobalSection
	GlobalSection(ExtensibilityGlobals) = postSolution
		SolutionGuid = {27FEA804-3B82-4B77-A1EB-ACC85B445F7E}
	EndGlobalSection
EndGlobal
